Microsoft Visual Studio Solution File, Format Version 12.00
# Visual Studio 15
VisualStudioVersion = 15.0.27130.2020
MinimumVisualStudioVersion = 10.0.40219.1
Project("{FAE04EC0-301F-11D3-BF4B-00C04F79EFBC}") = "CSharpAvanzado", "CSharpAvanzado\CSharpAvanzado.csproj", "{CC3681D3-27E1-4FA3-9708-A97019F133A9}"
EndProject
Project("{FAE04EC0-301F-11D3-BF4B-00C04F79EFBC}") = "XamarinAndroidModule", "..\XamarinAndroidModule\XamarinAndroidModule.csproj", "{8681BE1F-B2B0-49D4-893F-D87EBE5084E0}"
EndProject
Global
	GlobalSection(SolutionConfigurationPlatforms) = preSolution
		Debug|Any CPU = Debug|Any CPU
		Debug|x86 = Debug|x86
		Release|Any CPU = Release|Any CPU
		Release|x86 = Release|x86
	EndGlobalSection
	GlobalSection(ProjectConfigurationPlatforms) = postSolution
		{CC3681D3-27E1-4FA3-9708-A97019F133A9}.Debug|Any CPU.ActiveCfg = Debug|x86
		{CC3681D3-27E1-4FA3-9708-A97019F133A9}.Debug|x86.ActiveCfg = Debug|x86
		{CC3681D3-27E1-4FA3-9708-A97019F133A9}.Debug|x86.Build.0 = Debug|x86
		{CC3681D3-27E1-4FA3-9708-A97019F133A9}.Release|Any CPU.ActiveCfg = Release|x86
		{CC3681D3-27E1-4FA3-9708-A97019F133A9}.Release|x86.ActiveCfg = Release|x86
		{CC3681D3-27E1-4FA3-9708-A97019F133A9}.Release|x86.Build.0 = Release|x86
		{8681BE1F-B2B0-49D4-893F-D87EBE5084E0}.Debug|Any CPU.ActiveCfg = Debug|Any CPU
		{8681BE1F-B2B0-49D4-893F-D87EBE5084E0}.Debug|Any CPU.Build.0 = Debug|Any CPU
		{8681BE1F-B2B0-49D4-893F-D87EBE5084E0}.Debug|Any CPU.Deploy.0 = Debug|Any CPU
		{8681BE1F-B2B0-49D4-893F-D87EBE5084E0}.Debug|x86.ActiveCfg = Debug|Any CPU
		{8681BE1F-B2B0-49D4-893F-D87EBE5084E0}.Debug|x86.Build.0 = Debug|Any CPU
		{8681BE1F-B2B0-49D4-893F-D87EBE5084E0}.Debug|x86.Deploy.0 = Debug|Any CPU
		{8681BE1F-B2B0-49D4-893F-D87EBE5084E0}.Release|Any CPU.ActiveCfg = Release|Any CPU
		{8681BE1F-B2B0-49D4-893F-D87EBE5084E0}.Release|Any CPU.Build.0 = Release|Any CPU
		{8681BE1F-B2B0-49D4-893F-D87EBE5084E0}.Release|Any CPU.Deploy.0 = Release|Any CPU
		{8681BE1F-B2B0-49D4-893F-D87EBE5084E0}.Release|x86.ActiveCfg = Release|Any CPU
		{8681BE1F-B2B0-49D4-893F-D87EBE5084E0}.Release|x86.Build.0 = Release|Any CPU
		{8681BE1F-B2B0-49D4-893F-D87EBE5084E0}.Release|x86.Deploy.0 = Release|Any CPU
	EndGlobalSection
	GlobalSection(SolutionProperties) = preSolution
		HideSolutionNode = FALSE
	EndGlobalSection
	GlobalSection(ExtensibilityGlobals) = postSolution
		SolutionGuid = {659E0E53-6E21-4E89-8C06-60A2D92B23B8}
	EndGlobalSection
EndGlobal
